
Microsoft Visual Studio Solution File, Format Version 12.00
# Visual Studio 15
VisualStudioVersion = 15.0.28010.2003
MinimumVisualStudioVersion = 10.0.40219.1
Project("{FAE04EC0-301F-11D3-BF4B-00C04F79EFBC}") = "DouBanWPF", "DouBanWPF\DouBanWPF.csproj", "{F85C8B49-6750-4DC3-BA11-65CA1A71CFBC}"
EndProject
Project("{FAE04EC0-301F-11D3-BF4B-00C04F79EFBC}") = "DouBanAPI", "DouBanAPI\DouBanAPI.csproj", "{1F640190-ADEB-44E7-AD75-40A1C265FDBE}"
EndProject
Project("{FAE04EC0-301F-11D3-BF4B-00C04F79EFBC}") = "DoubanFM.Bass", "DoubanFM.Bass\DoubanFM.Bass.csproj", "{62324CFD-03FF-44B4-9204-66BAE86972B6}"
EndProject
Global
	GlobalSection(SolutionConfigurationPlatforms) = preSolution
		Debug|Any CPU = Debug|Any CPU
		Release|Any CPU = Release|Any CPU
	EndGlobalSection
	GlobalSection(ProjectConfigurationPlatforms) = postSolution
		{F85C8B49-6750-4DC3-BA11-65CA1A71CFBC}.Debug|Any CPU.ActiveCfg = Debug|Any CPU
		{F85C8B49-6750-4DC3-BA11-65CA1A71CFBC}.Debug|Any CPU.Build.0 = Debug|Any CPU
		{F85C8B49-6750-4DC3-BA11-65CA1A71CFBC}.Release|Any CPU.ActiveCfg = Release|Any CPU
		{F85C8B49-6750-4DC3-BA11-65CA1A71CFBC}.Release|Any CPU.Build.0 = Release|Any CPU
		{1F640190-ADEB-44E7-AD75-40A1C265FDBE}.Debug|Any CPU.ActiveCfg = Debug|Any CPU
		{1F640190-ADEB-44E7-AD75-40A1C265FDBE}.Debug|Any CPU.Build.0 = Debug|Any CPU
		{1F640190-ADEB-44E7-AD75-40A1C265FDBE}.Release|Any CPU.ActiveCfg = Release|Any CPU
		{1F640190-ADEB-44E7-AD75-40A1C265FDBE}.Release|Any CPU.Build.0 = Release|Any CPU
		{62324CFD-03FF-44B4-9204-66BAE86972B6}.Debug|Any CPU.ActiveCfg = Debug|Any CPU
		{62324CFD-03FF-44B4-9204-66BAE86972B6}.Debug|Any CPU.Build.0 = Debug|Any CPU
		{62324CFD-03FF-44B4-9204-66BAE86972B6}.Release|Any CPU.ActiveCfg = Release|Any CPU
		{62324CFD-03FF-44B4-9204-66BAE86972B6}.Release|Any CPU.Build.0 = Release|Any CPU
	EndGlobalSection
	GlobalSection(SolutionProperties) = preSolution
		HideSolutionNode = FALSE
	EndGlobalSection
	GlobalSection(ExtensibilityGlobals) = postSolution
		SolutionGuid = {19571248-CFD8-46FB-87AA-39BF48EFAC4A}
	EndGlobalSection
EndGlobal
