
Microsoft Visual Studio Solution File, Format Version 12.00
# Visual Studio 14
VisualStudioVersion = 14.0.25420.1
MinimumVisualStudioVersion = 10.0.40219.1
Project("{FAE04EC0-301F-11D3-BF4B-00C04F79EFBC}") = "Framework.Common", "Framework.Common\Framework.Common.csproj", "{EE354B95-D84C-4A9F-8BAC-EFC984ABEF20}"
EndProject
Project("{FAE04EC0-301F-11D3-BF4B-00C04F79EFBC}") = "SmokeMusic.Common", "SmokeMusic.Common\SmokeMusic.Common.csproj", "{DB508FB7-36E3-4CF4-9436-F57CBE812A6D}"
EndProject
Project("{FAE04EC0-301F-11D3-BF4B-00C04F79EFBC}") = "SmokeMusic.Logic", "SmokeMusic.Logic\SmokeMusic.Logic.csproj", "{3C716A81-A551-4F04-B2C8-5BF229290E5F}"
EndProject
Project("{FAE04EC0-301F-11D3-BF4B-00C04F79EFBC}") = "SmokeMusic.Modules.Player", "SmokeMusic.Modules.Player\SmokeMusic.Modules.Player.csproj", "{95683A75-0839-450A-9A81-DC2AF1796F18}"
EndProject
Project("{FAE04EC0-301F-11D3-BF4B-00C04F79EFBC}") = "SmokeMusic.Client", "SmokeMusic.Client\SmokeMusic.Client.csproj", "{51DE0153-0C43-46FB-8202-2AA6EEFF9E93}"
EndProject
Project("{FAE04EC0-301F-11D3-BF4B-00C04F79EFBC}") = "SmokeMusic.Modules.Channel", "SmokeMusic.Modules.Channel\SmokeMusic.Modules.Channel.csproj", "{C670AB97-41A0-424D-97B8-913268AE2945}"
EndProject
Project("{FAE04EC0-301F-11D3-BF4B-00C04F79EFBC}") = "SmokeMusic.Modules.Settings", "SmokeMusic.Modules.Settings\SmokeMusic.Modules.Settings.csproj", "{B0F25020-60CF-4309-B671-D6CE1EBEC793}"
EndProject
Project("{FAE04EC0-301F-11D3-BF4B-00C04F79EFBC}") = "SmokeMusic.Modules.Notify", "SmokeMusic.Modules.Notify\SmokeMusic.Modules.Notify.csproj", "{AF046BDC-89E3-4644-8FFD-C6004A05855B}"
EndProject
Project("{FAE04EC0-301F-11D3-BF4B-00C04F79EFBC}") = "SmokeMusic.Modules.Info", "SmokeMusic.Modules.Info\SmokeMusic.Modules.Info.csproj", "{69577E79-40F4-4626-9088-684D411B718D}"
EndProject
Project("{FAE04EC0-301F-11D3-BF4B-00C04F79EFBC}") = "SmokeMusic.Modules.Exception", "SmokeMusic.Modules.Exception\SmokeMusic.Modules.Exception.csproj", "{745B17DE-C09B-46FF-816E-BB91CAF27123}"
EndProject
Project("{2150E333-8FDC-42A3-9474-1A3956D46DE8}") = "1.客户端", "1.客户端", "{D70099D0-D325-4A64-83E9-767EC375E718}"
EndProject
Project("{2150E333-8FDC-42A3-9474-1A3956D46DE8}") = "2.模块", "2.模块", "{BDDAC276-0294-4C42-BA17-696D13310673}"
EndProject
Project("{2150E333-8FDC-42A3-9474-1A3956D46DE8}") = "3.公用", "3.公用", "{BD8C1535-C5B4-4929-939F-969BA1078566}"
EndProject
Project("{2150E333-8FDC-42A3-9474-1A3956D46DE8}") = "4.逻辑类", "4.逻辑类", "{FBA684F3-A725-4560-8C90-7D8E1F1EB020}"
EndProject
Global
	GlobalSection(SolutionConfigurationPlatforms) = preSolution
		Debug|Any CPU = Debug|Any CPU
		Release|Any CPU = Release|Any CPU
	EndGlobalSection
	GlobalSection(ProjectConfigurationPlatforms) = postSolution
		{EE354B95-D84C-4A9F-8BAC-EFC984ABEF20}.Debug|Any CPU.ActiveCfg = Debug|Any CPU
		{EE354B95-D84C-4A9F-8BAC-EFC984ABEF20}.Debug|Any CPU.Build.0 = Debug|Any CPU
		{EE354B95-D84C-4A9F-8BAC-EFC984ABEF20}.Release|Any CPU.ActiveCfg = Release|Any CPU
		{EE354B95-D84C-4A9F-8BAC-EFC984ABEF20}.Release|Any CPU.Build.0 = Release|Any CPU
		{DB508FB7-36E3-4CF4-9436-F57CBE812A6D}.Debug|Any CPU.ActiveCfg = Debug|Any CPU
		{DB508FB7-36E3-4CF4-9436-F57CBE812A6D}.Debug|Any CPU.Build.0 = Debug|Any CPU
		{DB508FB7-36E3-4CF4-9436-F57CBE812A6D}.Release|Any CPU.ActiveCfg = Release|Any CPU
		{DB508FB7-36E3-4CF4-9436-F57CBE812A6D}.Release|Any CPU.Build.0 = Release|Any CPU
		{3C716A81-A551-4F04-B2C8-5BF229290E5F}.Debug|Any CPU.ActiveCfg = Debug|Any CPU
		{3C716A81-A551-4F04-B2C8-5BF229290E5F}.Debug|Any CPU.Build.0 = Debug|Any CPU
		{3C716A81-A551-4F04-B2C8-5BF229290E5F}.Release|Any CPU.ActiveCfg = Release|Any CPU
		{3C716A81-A551-4F04-B2C8-5BF229290E5F}.Release|Any CPU.Build.0 = Release|Any CPU
		{95683A75-0839-450A-9A81-DC2AF1796F18}.Debug|Any CPU.ActiveCfg = Debug|Any CPU
		{95683A75-0839-450A-9A81-DC2AF1796F18}.Debug|Any CPU.Build.0 = Debug|Any CPU
		{95683A75-0839-450A-9A81-DC2AF1796F18}.Release|Any CPU.ActiveCfg = Release|Any CPU
		{95683A75-0839-450A-9A81-DC2AF1796F18}.Release|Any CPU.Build.0 = Release|Any CPU
		{51DE0153-0C43-46FB-8202-2AA6EEFF9E93}.Debug|Any CPU.ActiveCfg = Debug|Any CPU
		{51DE0153-0C43-46FB-8202-2AA6EEFF9E93}.Debug|Any CPU.Build.0 = Debug|Any CPU
		{51DE0153-0C43-46FB-8202-2AA6EEFF9E93}.Release|Any CPU.ActiveCfg = Release|Any CPU
		{51DE0153-0C43-46FB-8202-2AA6EEFF9E93}.Release|Any CPU.Build.0 = Release|Any CPU
		{C670AB97-41A0-424D-97B8-913268AE2945}.Debug|Any CPU.ActiveCfg = Debug|Any CPU
		{C670AB97-41A0-424D-97B8-913268AE2945}.Debug|Any CPU.Build.0 = Debug|Any CPU
		{C670AB97-41A0-424D-97B8-913268AE2945}.Release|Any CPU.ActiveCfg = Release|Any CPU
		{C670AB97-41A0-424D-97B8-913268AE2945}.Release|Any CPU.Build.0 = Release|Any CPU
		{B0F25020-60CF-4309-B671-D6CE1EBEC793}.Debug|Any CPU.ActiveCfg = Debug|Any CPU
		{B0F25020-60CF-4309-B671-D6CE1EBEC793}.Debug|Any CPU.Build.0 = Debug|Any CPU
		{B0F25020-60CF-4309-B671-D6CE1EBEC793}.Release|Any CPU.ActiveCfg = Release|Any CPU
		{B0F25020-60CF-4309-B671-D6CE1EBEC793}.Release|Any CPU.Build.0 = Release|Any CPU
		{AF046BDC-89E3-4644-8FFD-C6004A05855B}.Debug|Any CPU.ActiveCfg = Debug|Any CPU
		{AF046BDC-89E3-4644-8FFD-C6004A05855B}.Debug|Any CPU.Build.0 = Debug|Any CPU
		{AF046BDC-89E3-4644-8FFD-C6004A05855B}.Release|Any CPU.ActiveCfg = Release|Any CPU
		{AF046BDC-89E3-4644-8FFD-C6004A05855B}.Release|Any CPU.Build.0 = Release|Any CPU
		{69577E79-40F4-4626-9088-684D411B718D}.Debug|Any CPU.ActiveCfg = Debug|Any CPU
		{69577E79-40F4-4626-9088-684D411B718D}.Debug|Any CPU.Build.0 = Debug|Any CPU
		{69577E79-40F4-4626-9088-684D411B718D}.Release|Any CPU.ActiveCfg = Release|Any CPU
		{69577E79-40F4-4626-9088-684D411B718D}.Release|Any CPU.Build.0 = Release|Any CPU
		{745B17DE-C09B-46FF-816E-BB91CAF27123}.Debug|Any CPU.ActiveCfg = Debug|Any CPU
		{745B17DE-C09B-46FF-816E-BB91CAF27123}.Debug|Any CPU.Build.0 = Debug|Any CPU
		{745B17DE-C09B-46FF-816E-BB91CAF27123}.Release|Any CPU.ActiveCfg = Release|Any CPU
		{745B17DE-C09B-46FF-816E-BB91CAF27123}.Release|Any CPU.Build.0 = Release|Any CPU
	EndGlobalSection
	GlobalSection(SolutionProperties) = preSolution
		HideSolutionNode = FALSE
	EndGlobalSection
	GlobalSection(NestedProjects) = preSolution
		{EE354B95-D84C-4A9F-8BAC-EFC984ABEF20} = {BD8C1535-C5B4-4929-939F-969BA1078566}
		{DB508FB7-36E3-4CF4-9436-F57CBE812A6D} = {BD8C1535-C5B4-4929-939F-969BA1078566}
		{3C716A81-A551-4F04-B2C8-5BF229290E5F} = {FBA684F3-A725-4560-8C90-7D8E1F1EB020}
		{95683A75-0839-450A-9A81-DC2AF1796F18} = {BDDAC276-0294-4C42-BA17-696D13310673}
		{51DE0153-0C43-46FB-8202-2AA6EEFF9E93} = {D70099D0-D325-4A64-83E9-767EC375E718}
		{C670AB97-41A0-424D-97B8-913268AE2945} = {BDDAC276-0294-4C42-BA17-696D13310673}
		{B0F25020-60CF-4309-B671-D6CE1EBEC793} = {BDDAC276-0294-4C42-BA17-696D13310673}
		{AF046BDC-89E3-4644-8FFD-C6004A05855B} = {BDDAC276-0294-4C42-BA17-696D13310673}
		{69577E79-40F4-4626-9088-684D411B718D} = {BDDAC276-0294-4C42-BA17-696D13310673}
		{745B17DE-C09B-46FF-816E-BB91CAF27123} = {BDDAC276-0294-4C42-BA17-696D13310673}
	EndGlobalSection
EndGlobal
